
Microsoft Visual Studio Solution File, Format Version 12.00
# Visual Studio Version 16
VisualStudioVersion = 16.0.31005.135
MinimumVisualStudioVersion = 10.0.40219.1
Project("{FAE04EC0-301F-11D3-BF4B-00C04F79EFBC}") = "ConsoleAppGitHub", "ConsoleAppGitHub\ConsoleAppGitHub.csproj", "{2CA2F6A2-306B-4944-B2CA-AE08894D72A4}"
EndProject
Global
	GlobalSection(SolutionConfigurationPlatforms) = preSolution
		Debug|Any CPU = Debug|Any CPU
		Release|Any CPU = Release|Any CPU
	EndGlobalSection
	GlobalSection(ProjectConfigurationPlatforms) = postSolution
		{2CA2F6A2-306B-4944-B2CA-AE08894D72A4}.Debug|Any CPU.ActiveCfg = Debug|Any CPU
		{2CA2F6A2-306B-4944-B2CA-AE08894D72A4}.Debug|Any CPU.Build.0 = Debug|Any CPU
		{2CA2F6A2-306B-4944-B2CA-AE08894D72A4}.Release|Any CPU.ActiveCfg = Release|Any CPU
		{2CA2F6A2-306B-4944-B2CA-AE08894D72A4}.Release|Any CPU.Build.0 = Release|Any CPU
	EndGlobalSection
	GlobalSection(SolutionProperties) = preSolution
		HideSolutionNode = FALSE
	EndGlobalSection
	GlobalSection(ExtensibilityGlobals) = postSolution
		SolutionGuid = {02B49D78-18AC-4BAD-9777-B567A236242E}
	EndGlobalSection
EndGlobal
